version: 3
skills:
  ./skills::pond-add-adapter:
    destination: .claude/skills/pond-add-adapter,.agents/skills/pond-add-adapter
    hash: ba552acbbe49164a81a130e669ba9e9501832b014f8faf2a7b85a2ff5004dae0
    skill: pond-add-adapter
    description: Playbook for adding a new source-agent adapter to pond - spec the format from the upstream writer, capture a sandboxed fixture, implement the bidirectional codec, and prove conformance. Use when adding an adapter under packages/pond/src/adapter/ or reworking an existing one.
    source: ./skills
    source_revision: local
    scope: project
  https://github.com/tenequm/skills::lance-format:
    destination: .claude/skills/lance-format,.agents/skills/lance-format
    hash: 4e9e32d4c8161d024ac218896c52bfaa80c15c783fef61f1c13e6eac6940f48f
    skill: lance-format
    description: Deep reference for Lance v13 columnar format, its Rust crates, and pylance - file encodings, table format, indexes, schema evolution, time travel. Use when building on the Lance crates or reading .lance datasets, not the LanceDB product.
    source: https://github.com/tenequm/skills
    source_revision: ref:skills-1cf72df
    scope: project
  https://github.com/tenequm/skills::mcp-best-practices:
    destination: .claude/skills/mcp-best-practices,.agents/skills/mcp-best-practices
    hash: cd6821a26aea52a0fdae209604bc6a587d0b2602312032c8e196579722bd8547
    skill: mcp-best-practices
    description: Build, harden, and debug production MCP servers with the TypeScript SDK. Use when writing or reviewing an MCP server - transports, tool schemas, errors, OAuth, token bloat, SDK migrations, MCP Apps, Registry. Assumes a server already exists.
    source: https://github.com/tenequm/skills
    source_revision: ref:skills-1cf72df
    scope: project
  https://github.com/tenequm/skills::rust-dev:
    destination: .claude/skills/rust-dev,.agents/skills/rust-dev
    hash: 0a03c226421917660b341917fc4f13cb94c69527132dcf02c48fd2059ff06c5c
    skill: rust-dev
    description: Day-1 guide to building well in Rust - ownership, errors as values, String vs &str, Box/Rc/Arc, anyhow vs thiserror, and a crate shortlist (tokio, serde, axum, sqlx). Use when starting a Rust project, fighting the borrow checker, or picking crates.
    source: https://github.com/tenequm/skills
    source_revision: ref:skills-1cf72df
    scope: project
assets: {}
